
Microsoft Visual Studio Solution File, Format Version 9.00
# Visual Studio 2005
Project("{8BC9CEB8-8B4A-11D0-8D11-00A0C91BC942}") = "wowparser3", "wowparser3.vcproj", "{B40A6F56-4159-42C4-B57F-4287EC110C85}"
EndProject
Global
	GlobalSection(SolutionConfigurationPlatforms) = preSolution
		Release|Win32 = Release|Win32
	EndGlobalSection
	GlobalSection(ProjectConfigurationPlatforms) = postSolution
		{B40A6F56-4159-42C4-B57F-4287EC110C85}.Release|Win32.ActiveCfg = Release|Win32
		{B40A6F56-4159-42C4-B57F-4287EC110C85}.Release|Win32.Build.0 = Release|Win32
	EndGlobalSection
	GlobalSection(SolutionProperties) = preSolution
		HideSolutionNode = FALSE
	EndGlobalSection
EndGlobal
